
Microsoft Visual Studio Solution File, Format Version 12.00
# Visual Studio Version 17
VisualStudioVersion = 17.10.34928.147
MinimumVisualStudioVersion = 10.0.40219.1
Project("{F184B08F-C81C-45F6-A57F-5ABD9991F28F}") = "Sierpinski", "Sierpinski.vbproj", "{AB5132D3-13A9-481F-A6BC-9D42B54BDE2B}"
EndProject
Global
	GlobalSection(SolutionConfigurationPlatforms) = preSolution
		Debug|Any CPU = Debug|Any CPU
		Release|Any CPU = Release|Any CPU
	EndGlobalSection
	GlobalSection(ProjectConfigurationPlatforms) = postSolution
		{AB5132D3-13A9-481F-A6BC-9D42B54BDE2B}.Debug|Any CPU.ActiveCfg = Debug|Any CPU
		{AB5132D3-13A9-481F-A6BC-9D42B54BDE2B}.Debug|Any CPU.Build.0 = Debug|Any CPU
		{AB5132D3-13A9-481F-A6BC-9D42B54BDE2B}.Release|Any CPU.ActiveCfg = Release|Any CPU
		{AB5132D3-13A9-481F-A6BC-9D42B54BDE2B}.Release|Any CPU.Build.0 = Release|Any CPU
	EndGlobalSection
	GlobalSection(SolutionProperties) = preSolution
		HideSolutionNode = FALSE
	EndGlobalSection
	GlobalSection(ExtensibilityGlobals) = postSolution
		SolutionGuid = {A52FEB26-5F86-4163-8D3E-4E93F4897D94}
	EndGlobalSection
EndGlobal
